
Microsoft Visual Studio Solution File, Format Version 12.00
# Visual Studio Version 16
VisualStudioVersion = 16.0.33529.622
MinimumVisualStudioVersion = 10.0.40219.1
Project("{FAE04EC0-301F-11D3-BF4B-00C04F79EFBC}") = "DID2024", "DID2024\DID2024.csproj", "{F055E9FE-2AB8-4142-AC1D-4094F4F2155A}"
EndProject
Project("{2150E333-8FDC-42A3-9474-1A3956D46DE8}") = "DevExtreme NuGet.config", "DevExtreme NuGet.config", "{29CC977E-73A3-4078-8303-570B3C8553E8}"
	ProjectSection(SolutionItems) = preProject
		NuGet.config = NuGet.config
	EndProjectSection
EndProject
Global
	GlobalSection(SolutionConfigurationPlatforms) = preSolution
		Debug|Any CPU = Debug|Any CPU
		Release|Any CPU = Release|Any CPU
	EndGlobalSection
	GlobalSection(ProjectConfigurationPlatforms) = postSolution
		{F055E9FE-2AB8-4142-AC1D-4094F4F2155A}.Debug|Any CPU.ActiveCfg = Debug|Any CPU
		{F055E9FE-2AB8-4142-AC1D-4094F4F2155A}.Debug|Any CPU.Build.0 = Debug|Any CPU
		{F055E9FE-2AB8-4142-AC1D-4094F4F2155A}.Release|Any CPU.ActiveCfg = Release|Any CPU
		{F055E9FE-2AB8-4142-AC1D-4094F4F2155A}.Release|Any CPU.Build.0 = Release|Any CPU
	EndGlobalSection
	GlobalSection(SolutionProperties) = preSolution
		HideSolutionNode = FALSE
	EndGlobalSection
	GlobalSection(ExtensibilityGlobals) = postSolution
		SolutionGuid = {25D7EE05-955D-402D-BD41-969E6A9FF5C2}
	EndGlobalSection
EndGlobal
